
Microsoft Visual Studio Solution File, Format Version 12.00
# Visual Studio Version 16
VisualStudioVersion = 16.0.30804.86
MinimumVisualStudioVersion = 10.0.40219.1
Project("{FAE04EC0-301F-11D3-BF4B-00C04F79EFBC}") = "DiApp", "DiApp\DiApp.csproj", "{838294F7-4A9B-490B-B88C-6EA021D032DA}"
EndProject
Global
	GlobalSection(SolutionConfigurationPlatforms) = preSolution
		Debug|Any CPU = Debug|Any CPU
		Release|Any CPU = Release|Any CPU
	EndGlobalSection
	GlobalSection(ProjectConfigurationPlatforms) = postSolution
		{838294F7-4A9B-490B-B88C-6EA021D032DA}.Debug|Any CPU.ActiveCfg = Debug|Any CPU
		{838294F7-4A9B-490B-B88C-6EA021D032DA}.Debug|Any CPU.Build.0 = Debug|Any CPU
		{838294F7-4A9B-490B-B88C-6EA021D032DA}.Release|Any CPU.ActiveCfg = Release|Any CPU
		{838294F7-4A9B-490B-B88C-6EA021D032DA}.Release|Any CPU.Build.0 = Release|Any CPU
	EndGlobalSection
	GlobalSection(SolutionProperties) = preSolution
		HideSolutionNode = FALSE
	EndGlobalSection
	GlobalSection(ExtensibilityGlobals) = postSolution
		SolutionGuid = {7ADE0994-DE12-4EC3-9C5F-AB72C48AF7DC}
	EndGlobalSection
EndGlobal
